// !$*UTF8*$!
{
	archiveVersion = 1;
	classes = {
	};
	objectVersion = 50;
	objects = {

/* Begin PBXBuildFile section */
		773AEDA9215869A700D87353 /* main.swift in Sources */ = {isa = PBXBuildFile; fileRef = 773AEDA8215869A700D87353 /* main.swift */; };
		773AEDB021586CB900D87353 /* DungeonCharacter.swift in Sources */ = {isa = PBXBuildFile; fileRef = 773AEDAF21586CB900D87353 /* DungeonCharacter.swift */; };
		773AEDB2215872C000D87353 /* Hero.swift in Sources */ = {isa = PBXBuildFile; fileRef = 773AEDB1215872C000D87353 /* Hero.swift */; };
		773AEDB42158777100D87353 /* Warrior.swift in Sources */ = {isa = PBXBuildFile; fileRef = 773AEDB32158777100D87353 /* Warrior.swift */; };
		773AEDB621587AD900D87353 /* Sorceress.swift in Sources */ = {isa = PBXBuildFile; fileRef = 773AEDB521587AD900D87353 /* Sorceress.swift */; };
		773AEDB821587D2D00D87353 /* Theif.swift in Sources */ = {isa = PBXBuildFile; fileRef = 773AEDB721587D2D00D87353 /* Theif.swift */; };
		773AEDBA215880C100D87353 /* Monster.swift in Sources */ = {isa = PBXBuildFile; fileRef = 773AEDB9215880C100D87353 /* Monster.swift */; };
		773AEDBC215883DE00D87353 /* Ogre.swift in Sources */ = {isa = PBXBuildFile; fileRef = 773AEDBB215883DE00D87353 /* Ogre.swift */; };
		773AEDBE2158846900D87353 /* Gremlin.swift in Sources */ = {isa = PBXBuildFile; fileRef = 773AEDBD2158846900D87353 /* Gremlin.swift */; };
		773AEDC0215884B000D87353 /* Skeleton.swift in Sources */ = {isa = PBXBuildFile; fileRef = 773AEDBF215884B000D87353 /* Skeleton.swift */; };
/* End PBXBuildFile section */

/* Begin PBXCopyFilesBuildPhase section */
		773AEDA3215869A700D87353 /* CopyFiles */ = {
			isa = PBXCopyFilesBuildPhase;
			buildActionMask = 2147483647;
			dstPath = /usr/share/man/man1/;
			dstSubfolderSpec = 0;
			files = (
			);
			runOnlyForDeploymentPostprocessing = 1;
		};
/* End PBXCopyFilesBuildPhase section */

/* Begin PBXFileReference section */
		773AEDA5215869A700D87353 /* PA3_2 */ = {isa = PBXFileReference; explicitFileType = "compiled.mach-o.executable"; includeInIndex = 0; path = PA3_2; sourceTree = BUILT_PRODUCTS_DIR; };
		773AEDA8215869A700D87353 /* main.swift */ = {isa = PBXFileReference; lastKnownFileType = sourcecode.swift; path = main.swift; sourceTree = "<group>"; };
		773AEDAF21586CB900D87353 /* DungeonCharacter.swift */ = {isa = PBXFileReference; lastKnownFileType = sourcecode.swift; path = DungeonCharacter.swift; sourceTree = "<group>"; };
		773AEDB1215872C000D87353 /* Hero.swift */ = {isa = PBXFileReference; lastKnownFileType = sourcecode.swift; path = Hero.swift; sourceTree = "<group>"; };
		773AEDB32158777100D87353 /* Warrior.swift */ = {isa = PBXFileReference; lastKnownFileType = sourcecode.swift; path = Warrior.swift; sourceTree = "<group>"; };
		773AEDB521587AD900D87353 /* Sorceress.swift */ = {isa = PBXFileReference; lastKnownFileType = sourcecode.swift; path = Sorceress.swift; sourceTree = "<group>"; };
		773AEDB721587D2D00D87353 /* Theif.swift */ = {isa = PBXFileReference; lastKnownFileType = sourcecode.swift; path = Theif.swift; sourceTree = "<group>"; };
		773AEDB9215880C100D87353 /* Monster.swift */ = {isa = PBXFileReference; lastKnownFileType = sourcecode.swift; path = Monster.swift; sourceTree = "<group>"; };
		773AEDBB215883DE00D87353 /* Ogre.swift */ = {isa = PBXFileReference; lastKnownFileType = sourcecode.swift; path = Ogre.swift; sourceTree = "<group>"; };
		773AEDBD2158846900D87353 /* Gremlin.swift */ = {isa = PBXFileReference; lastKnownFileType = sourcecode.swift; path = Gremlin.swift; sourceTree = "<group>"; };
		773AEDBF215884B000D87353 /* Skeleton.swift */ = {isa = PBXFileReference; lastKnownFileType = sourcecode.swift; path = Skeleton.swift; sourceTree = "<group>"; };
/* End PBXFileReference section */

/* Begin PBXFrameworksBuildPhase section */
		773AEDA2215869A700D87353 /* Frameworks */ = {
			isa = PBXFrameworksBuildPhase;
			buildActionMask = 2147483647;
			files = (
			);
			runOnlyForDeploymentPostprocessing = 0;
		};
/* End PBXFrameworksBuildPhase section */

/* Begin PBXGroup section */
		773AED9C215869A700D87353 = {
			isa = PBXGroup;
			children = (
				773AEDA7215869A700D87353 /* PA3_2 */,
				773AEDA6215869A700D87353 /* Products */,
			);
			sourceTree = "<group>";
		};
		773AEDA6215869A700D87353 /* Products */ = {
			isa = PBXGroup;
			children = (
				773AEDA5215869A700D87353 /* PA3_2 */,
			);
			name = Products;
			sourceTree = "<group>";
		};
		773AEDA7215869A700D87353 /* PA3_2 */ = {
			isa = PBXGroup;
			children = (
				773AEDA8215869A700D87353 /* main.swift */,
				773AEDB9215880C100D87353 /* Monster.swift */,
				773AEDBB215883DE00D87353 /* Ogre.swift */,
				773AEDBD2158846900D87353 /* Gremlin.swift */,
				773AEDBF215884B000D87353 /* Skeleton.swift */,
				773AEDAF21586CB900D87353 /* DungeonCharacter.swift */,
				773AEDB1215872C000D87353 /* Hero.swift */,
				773AEDB32158777100D87353 /* Warrior.swift */,
				773AEDB521587AD900D87353 /* Sorceress.swift */,
				773AEDB721587D2D00D87353 /* Theif.swift */,
			);
			path = PA3_2;
			sourceTree = "<group>";
		};
/* End PBXGroup section */

/* Begin PBXNativeTarget section */
		773AEDA4215869A700D87353 /* PA3_2 */ = {
			isa = PBXNativeTarget;
			buildConfigurationList = 773AEDAC215869A700D87353 /* Build configuration list for PBXNativeTarget "PA3_2" */;
			buildPhases = (
				773AEDA1215869A700D87353 /* Sources */,
				773AEDA2215869A700D87353 /* Frameworks */,
				773AEDA3215869A700D87353 /* CopyFiles */,
			);
			buildRules = (
			);
			dependencies = (
			);
			name = PA3_2;
			productName = PA3_2;
			productReference = 773AEDA5215869A700D87353 /* PA3_2 */;
			productType = "com.apple.product-type.tool";
		};
/* End PBXNativeTarget section */

/* Begin PBXProject section */
		773AED9D215869A700D87353 /* Project object */ = {
			isa = PBXProject;
			attributes = {
				LastSwiftUpdateCheck = 0940;
				LastUpgradeCheck = 0940;
				ORGANIZATIONNAME = "Ellis Fischer";
				TargetAttributes = {
					773AEDA4215869A700D87353 = {
						CreatedOnToolsVersion = 9.4.1;
					};
				};
			};
			buildConfigurationList = 773AEDA0215869A700D87353 /* Build configuration list for PBXProject "PA3_2" */;
			compatibilityVersion = "Xcode 9.3";
			developmentRegion = en;
			hasScannedForEncodings = 0;
			knownRegions = (
				en,
			);
			mainGroup = 773AED9C215869A700D87353;
			productRefGroup = 773AEDA6215869A700D87353 /* Products */;
			projectDirPath = "";
			projectRoot = "";
			targets = (
				773AEDA4215869A700D87353 /* PA3_2 */,
			);
		};
/* End PBXProject section */

/* Begin PBXSourcesBuildPhase section */
		773AEDA1215869A700D87353 /* Sources */ = {
			isa = PBXSourcesBuildPhase;
			buildActionMask = 2147483647;
			files = (
				773AEDBE2158846900D87353 /* Gremlin.swift in Sources */,
				773AEDB021586CB900D87353 /* DungeonCharacter.swift in Sources */,
				773AEDB621587AD900D87353 /* Sorceress.swift in Sources */,
				773AEDBC215883DE00D87353 /* Ogre.swift in Sources */,
				773AEDA9215869A700D87353 /* main.swift in Sources */,
				773AEDB42158777100D87353 /* Warrior.swift in Sources */,
				773AEDC0215884B000D87353 /* Skeleton.swift in Sources */,
				773AEDB821587D2D00D87353 /* Theif.swift in Sources */,
				773AEDB2215872C000D87353 /* Hero.swift in Sources */,
				773AEDBA215880C100D87353 /* Monster.swift in Sources */,
			);
			runOnlyForDeploymentPostprocessing = 0;
		};
/* End PBXSourcesBuildPhase section */

/* Begin XCBuildConfiguration section */
		773AEDAA215869A700D87353 /* Debug */ = {
			isa = XCBuildConfiguration;
			buildSettings = {
				ALWAYS_SEARCH_USER_PATHS = NO;
				CLANG_ANALYZER_NONNULL = YES;
				CLANG_ANALYZER_NUMBER_OBJECT_CONVERSION = YES_AGGRESSIVE;
				CLANG_CXX_LANGUAGE_STANDARD = "gnu++14";
				CLANG_CXX_LIBRARY = "libc++";
				CLANG_ENABLE_MODULES = YES;
				CLANG_ENABLE_OBJC_ARC = YES;
				CLANG_ENABLE_OBJC_WEAK = YES;
				CLANG_WARN_BLOCK_CAPTURE_AUTORELEASING = YES;
				CLANG_WARN_BOOL_CONVERSION = YES;
				CLANG_WARN_COMMA = YES;
				CLANG_WARN_CONSTANT_CONVERSION = YES;
				CLANG_WARN_DEPRECATED_OBJC_IMPLEMENTATIONS = YES;
				CLANG_WARN_DIRECT_OBJC_ISA_USAGE = YES_ERROR;
				CLANG_WARN_DOCUMENTATION_COMMENTS = YES;
				CLANG_WARN_EMPTY_BODY = YES;
				CLANG_WARN_ENUM_CONVERSION = YES;
				CLANG_WARN_INFINITE_RECURSION = YES;
				CLANG_WARN_INT_CONVERSION = YES;
				CLANG_WARN_NON_LITERAL_NULL_CONVERSION = YES;
				CLANG_WARN_OBJC_IMPLICIT_RETAIN_SELF = YES;
				CLANG_WARN_OBJC_LITERAL_CONVERSION = YES;
				CLANG_WARN_OBJC_ROOT_CLASS = YES_ERROR;
				CLANG_WARN_RANGE_LOOP_ANALYSIS = YES;
				CLANG_WARN_STRICT_PROTOTYPES = YES;
				CLANG_WARN_SUSPICIOUS_MOVE = YES;
				CLANG_WARN_UNGUARDED_AVAILABILITY = YES_AGGRESSIVE;
				CLANG_WARN_UNREACHABLE_CODE = YES;
				CLANG_WARN__DUPLICATE_METHOD_MATCH = YES;
				CODE_SIGN_IDENTITY = "";
				COPY_PHASE_STRIP = NO;
				DEBUG_INFORMATION_FORMAT = dwarf;
				ENABLE_STRICT_OBJC_MSGSEND = YES;
				ENABLE_TESTABILITY = YES;
				GCC_C_LANGUAGE_STANDARD = gnu11;
				GCC_DYNAMIC_NO_PIC = NO;
				GCC_NO_COMMON_BLOCKS = YES;
				GCC_OPTIMIZATION_LEVEL = 0;
				GCC_PREPROCESSOR_DEFINITIONS = (
					"DEBUG=1",
					"$(inherited)",
				);
				GCC_WARN_64_TO_32_BIT_CONVERSION = YES;
				GCC_WARN_ABOUT_RETURN_TYPE = YES_ERROR;
				GCC_WARN_UNDECLARED_SELECTOR = YES;
				GCC_WARN_UNINITIALIZED_AUTOS = YES_AGGRESSIVE;
				GCC_WARN_UNUSED_FUNCTION = YES;
				GCC_WARN_UNUSED_VARIABLE = YES;
				MACOSX_DEPLOYMENT_TARGET = 10.13;
				MTL_ENABLE_DEBUG_INFO = YES;
				ONLY_ACTIVE_ARCH = YES;
				SDKROOT = macosx;
				SWIFT_ACTIVE_COMPILATION_CONDITIONS = DEBUG;
				SWIFT_OPTIMIZATION_LEVEL = "-Onone";
			};
			name = Debug;
		};
		773AEDAB215869A700D87353 /* Release */ = {
			isa = XCBuildConfiguration;
			buildSettings = {
				ALWAYS_SEARCH_USER_PATHS = NO;
				CLANG_ANALYZER_NONNULL = YES;
				CLANG_ANALYZER_NUMBER_OBJECT_CONVERSION = YES_AGGRESSIVE;
				CLANG_CXX_LANGUAGE_STANDARD = "gnu++14";
				CLANG_CXX_LIBRARY = "libc++";
				CLANG_ENABLE_MODULES = YES;
				CLANG_ENABLE_OBJC_ARC = YES;
				CLANG_ENABLE_OBJC_WEAK = YES;
				CLANG_WARN_BLOCK_CAPTURE_AUTORELEASING = YES;
				CLANG_WARN_BOOL_CONVERSION = YES;
				CLANG_WARN_COMMA = YES;
				CLANG_WARN_CONSTANT_CONVERSION = YES;
				CLANG_WARN_DEPRECATED_OBJC_IMPLEMENTATIONS = YES;
				CLANG_WARN_DIRECT_OBJC_ISA_USAGE = YES_ERROR;
				CLANG_WARN_DOCUMENTATION_COMMENTS = YES;
				CLANG_WARN_EMPTY_BODY = YES;
				CLANG_WARN_ENUM_CONVERSION = YES;
				CLANG_WARN_INFINITE_RECURSION = YES;
				CLANG_WARN_INT_CONVERSION = YES;
				CLANG_WARN_NON_LITERAL_NULL_CONVERSION = YES;
				CLANG_WARN_OBJC_IMPLICIT_RETAIN_SELF = YES;
				CLANG_WARN_OBJC_LITERAL_CONVERSION = YES;
				CLANG_WARN_OBJC_ROOT_CLASS = YES_ERROR;
				CLANG_WARN_RANGE_LOOP_ANALYSIS = YES;
				CLANG_WARN_STRICT_PROTOTYPES = YES;
				CLANG_WARN_SUSPICIOUS_MOVE = YES;
				CLANG_WARN_UNGUARDED_AVAILABILITY = YES_AGGRESSIVE;
				CLANG_WARN_UNREACHABLE_CODE = YES;
				CLANG_WARN__DUPLICATE_METHOD_MATCH = YES;
				CODE_SIGN_IDENTITY = "";
				COPY_PHASE_STRIP = NO;
				DEBUG_INFORMATION_FORMAT = "dwarf-with-dsym";
				ENABLE_NS_ASSERTIONS = NO;
				ENABLE_STRICT_OBJC_MSGSEND = YES;
				GCC_C_LANGUAGE_STANDARD = gnu11;
				GCC_NO_COMMON_BLOCKS = YES;
				GCC_WARN_64_TO_32_BIT_CONVERSION = YES;
				GCC_WARN_ABOUT_RETURN_TYPE = YES_ERROR;
				GCC_WARN_UNDECLARED_SELECTOR = YES;
				GCC_WARN_UNINITIALIZED_AUTOS = YES_AGGRESSIVE;
				GCC_WARN_UNUSED_FUNCTION = YES;
				GCC_WARN_UNUSED_VARIABLE = YES;
				MACOSX_DEPLOYMENT_TARGET = 10.13;
				MTL_ENABLE_DEBUG_INFO = NO;
				SDKROOT = macosx;
				SWIFT_COMPILATION_MODE = wholemodule;
				SWIFT_OPTIMIZATION_LEVEL = "-O";
			};
			name = Release;
		};
		773AEDAD215869A700D87353 /* Debug */ = {
			isa = XCBuildConfiguration;
			buildSettings = {
				CODE_SIGN_STYLE = Manual;
				DEVELOPMENT_TEAM = GUYPJD4NUE;
				PRODUCT_NAME = "$(TARGET_NAME)";
				SWIFT_VERSION = 4.0;
			};
			name = Debug;
		};
		773AEDAE215869A700D87353 /* Release */ = {
			isa = XCBuildConfiguration;
			buildSettings = {
				CODE_SIGN_STYLE = Manual;
				DEVELOPMENT_TEAM = GUYPJD4NUE;
				PRODUCT_NAME = "$(TARGET_NAME)";
				SWIFT_VERSION = 4.0;
			};
			name = Release;
		};
/* End XCBuildConfiguration section */

/* Begin XCConfigurationList section */
		773AEDA0215869A700D87353 /* Build configuration list for PBXProject "PA3_2" */ = {
			isa = XCConfigurationList;
			buildConfigurations = (
				773AEDAA215869A700D87353 /* Debug */,
				773AEDAB215869A700D87353 /* Release */,
			);
			defaultConfigurationIsVisible = 0;
			defaultConfigurationName = Release;
		};
		773AEDAC215869A700D87353 /* Build configuration list for PBXNativeTarget "PA3_2" */ = {
			isa = XCConfigurationList;
			buildConfigurations = (
				773AEDAD215869A700D87353 /* Debug */,
				773AEDAE215869A700D87353 /* Release */,
			);
			defaultConfigurationIsVisible = 0;
			defaultConfigurationName = Release;
		};
/* End XCConfigurationList section */
	};
	rootObject = 773AED9D215869A700D87353 /* Project object */;
}
